
Microsoft Visual Studio Solution File, Format Version 12.00
# Visual Studio 15
VisualStudioVersion = 15.0.28307.489
MinimumVisualStudioVersion = 10.0.40219.1
Project("{FAE04EC0-301F-11D3-BF4B-00C04F79EFBC}") = "BOE_Receivables_Import_ReportVer2", "BOE_Receivables_Import_ReportVer2\BOE_Receivables_Import_ReportVer2.csproj", "{206BFF2B-5AD6-422A-A04E-688FBBA7EC94}"
EndProject
Global
	GlobalSection(SolutionConfigurationPlatforms) = preSolution
		Debug|Any CPU = Debug|Any CPU
		Release|Any CPU = Release|Any CPU
	EndGlobalSection
	GlobalSection(ProjectConfigurationPlatforms) = postSolution
		{206BFF2B-5AD6-422A-A04E-688FBBA7EC94}.Debug|Any CPU.ActiveCfg = Debug|Any CPU
		{206BFF2B-5AD6-422A-A04E-688FBBA7EC94}.Debug|Any CPU.Build.0 = Debug|Any CPU
		{206BFF2B-5AD6-422A-A04E-688FBBA7EC94}.Release|Any CPU.ActiveCfg = Release|Any CPU
		{206BFF2B-5AD6-422A-A04E-688FBBA7EC94}.Release|Any CPU.Build.0 = Release|Any CPU
	EndGlobalSection
	GlobalSection(SolutionProperties) = preSolution
		HideSolutionNode = FALSE
	EndGlobalSection
	GlobalSection(ExtensibilityGlobals) = postSolution
		SolutionGuid = {A95EFE54-ADEB-44D5-AA28-FEC989BCD5A9}
	EndGlobalSection
	GlobalSection(TeamFoundationVersionControl) = preSolution
		SccNumberOfProjects = 2
		SccEnterpriseProvider = {4CA58AB2-18FA-4F8D-95D4-32DDF27D184C}
		SccTeamFoundationServer = https://skillsinc2017.visualstudio.com/
		SccLocalPath0 = .
		SccProjectUniqueName1 = BOE_Receivables_Import_ReportVer2\\BOE_Receivables_Import_ReportVer2.csproj
		SccProjectName1 = BOE_Receivables_Import_ReportVer2
		SccLocalPath1 = BOE_Receivables_Import_ReportVer2
	EndGlobalSection
EndGlobal
